
Microsoft Visual Studio Solution File, Format Version 12.00
# Visual Studio 2013
VisualStudioVersion = 12.0.31101.0
MinimumVisualStudioVersion = 10.0.40219.1
Project("{FAE04EC0-301F-11D3-BF4B-00C04F79EFBC}") = "SAP.AppsforOffice.WorkflowAppln", "AADSSOTravelAgency\SAP.AppsforOffice.WorkflowAppln.csproj", "{B9EA5DEB-5B70-4DFB-9F16-A6CD6596F1BB}"
EndProject
Project("{FAE04EC0-301F-11D3-BF4B-00C04F79EFBC}") = "SAP.AppsforOffice.WorkflowApplnWeb", "AADSSOTravelAgencyWeb\SAP.AppsforOffice.WorkflowApplnWeb.csproj", "{0616AA36-0030-42CC-AD68-D6BE2AE5B479}"
EndProject
Global
	GlobalSection(SolutionConfigurationPlatforms) = preSolution
		Debug|Any CPU = Debug|Any CPU
		Release|Any CPU = Release|Any CPU
	EndGlobalSection
	GlobalSection(ProjectConfigurationPlatforms) = postSolution
		{B9EA5DEB-5B70-4DFB-9F16-A6CD6596F1BB}.Debug|Any CPU.ActiveCfg = Debug|Any CPU
		{B9EA5DEB-5B70-4DFB-9F16-A6CD6596F1BB}.Debug|Any CPU.Build.0 = Debug|Any CPU
		{B9EA5DEB-5B70-4DFB-9F16-A6CD6596F1BB}.Debug|Any CPU.Deploy.0 = Debug|Any CPU
		{B9EA5DEB-5B70-4DFB-9F16-A6CD6596F1BB}.Release|Any CPU.ActiveCfg = Release|Any CPU
		{B9EA5DEB-5B70-4DFB-9F16-A6CD6596F1BB}.Release|Any CPU.Build.0 = Release|Any CPU
		{B9EA5DEB-5B70-4DFB-9F16-A6CD6596F1BB}.Release|Any CPU.Deploy.0 = Release|Any CPU
		{0616AA36-0030-42CC-AD68-D6BE2AE5B479}.Debug|Any CPU.ActiveCfg = Debug|Any CPU
		{0616AA36-0030-42CC-AD68-D6BE2AE5B479}.Debug|Any CPU.Build.0 = Debug|Any CPU
		{0616AA36-0030-42CC-AD68-D6BE2AE5B479}.Release|Any CPU.ActiveCfg = Release|Any CPU
		{0616AA36-0030-42CC-AD68-D6BE2AE5B479}.Release|Any CPU.Build.0 = Release|Any CPU
	EndGlobalSection
	GlobalSection(SolutionProperties) = preSolution
		HideSolutionNode = FALSE
	EndGlobalSection
EndGlobal
